
Microsoft Visual Studio Solution File, Format Version 12.00
# Visual Studio Version 17
VisualStudioVersion = 17.3.32922.545
MinimumVisualStudioVersion = 10.0.40219.1
Project("{9A19103F-16F7-4668-BE54-9A1E7A4F7556}") = "DEH1G0_SOF_2022231", "DEH1G0_SOF_2022231\DEH1G0_SOF_2022231.csproj", "{6A3D152A-8F18-4942-99BC-5E1174615E66}"
EndProject
Project("{9A19103F-16F7-4668-BE54-9A1E7A4F7556}") = "NcoreGrpcService", "NcoreGrpcService\NcoreGrpcService.csproj", "{4FBE2CE7-CF50-406E-862A-461DEB80EDB8}"
EndProject
Project("{9A19103F-16F7-4668-BE54-9A1E7A4F7556}") = "Tests", "Tests\Tests.csproj", "{6DF97786-E5F1-4CDD-8B15-3F92E9013959}"
EndProject
Project("{54A90642-561A-4BB1-A94E-469ADEE60C69}") = "Angular-font-end", "Angular-font-end\Angular-font-end.esproj", "{990D401C-3A36-47AD-8030-D6E5B34A364F}"
EndProject
Global
	GlobalSection(SolutionConfigurationPlatforms) = preSolution
		Debug|Any CPU = Debug|Any CPU
		Release|Any CPU = Release|Any CPU
	EndGlobalSection
	GlobalSection(ProjectConfigurationPlatforms) = postSolution
		{6A3D152A-8F18-4942-99BC-5E1174615E66}.Debug|Any CPU.ActiveCfg = Debug|Any CPU
		{6A3D152A-8F18-4942-99BC-5E1174615E66}.Debug|Any CPU.Build.0 = Debug|Any CPU
		{6A3D152A-8F18-4942-99BC-5E1174615E66}.Release|Any CPU.ActiveCfg = Release|Any CPU
		{6A3D152A-8F18-4942-99BC-5E1174615E66}.Release|Any CPU.Build.0 = Release|Any CPU
		{4FBE2CE7-CF50-406E-862A-461DEB80EDB8}.Debug|Any CPU.ActiveCfg = Debug|Any CPU
		{4FBE2CE7-CF50-406E-862A-461DEB80EDB8}.Debug|Any CPU.Build.0 = Debug|Any CPU
		{4FBE2CE7-CF50-406E-862A-461DEB80EDB8}.Release|Any CPU.ActiveCfg = Release|Any CPU
		{4FBE2CE7-CF50-406E-862A-461DEB80EDB8}.Release|Any CPU.Build.0 = Release|Any CPU
		{6DF97786-E5F1-4CDD-8B15-3F92E9013959}.Debug|Any CPU.ActiveCfg = Debug|Any CPU
		{6DF97786-E5F1-4CDD-8B15-3F92E9013959}.Debug|Any CPU.Build.0 = Debug|Any CPU
		{6DF97786-E5F1-4CDD-8B15-3F92E9013959}.Release|Any CPU.ActiveCfg = Release|Any CPU
		{6DF97786-E5F1-4CDD-8B15-3F92E9013959}.Release|Any CPU.Build.0 = Release|Any CPU
		{990D401C-3A36-47AD-8030-D6E5B34A364F}.Debug|Any CPU.ActiveCfg = Debug|Any CPU
		{990D401C-3A36-47AD-8030-D6E5B34A364F}.Debug|Any CPU.Build.0 = Debug|Any CPU
		{990D401C-3A36-47AD-8030-D6E5B34A364F}.Debug|Any CPU.Deploy.0 = Debug|Any CPU
		{990D401C-3A36-47AD-8030-D6E5B34A364F}.Release|Any CPU.ActiveCfg = Release|Any CPU
		{990D401C-3A36-47AD-8030-D6E5B34A364F}.Release|Any CPU.Build.0 = Release|Any CPU
		{990D401C-3A36-47AD-8030-D6E5B34A364F}.Release|Any CPU.Deploy.0 = Release|Any CPU
	EndGlobalSection
	GlobalSection(SolutionProperties) = preSolution
		HideSolutionNode = FALSE
	EndGlobalSection
	GlobalSection(ExtensibilityGlobals) = postSolution
		SolutionGuid = {900E6141-9C9B-483A-98C1-0460DDBCCD80}
	EndGlobalSection
EndGlobal
