
Microsoft Visual Studio Solution File, Format Version 12.00
# Visual Studio Version 17
VisualStudioVersion = 17.3.32922.545
MinimumVisualStudioVersion = 10.0.40219.1
Project("{FAE04EC0-301F-11D3-BF4B-00C04F79EFBC}") = "DEH1G0_SOF_2022231", "DEH1G0_SOF_2022231\DEH1G0_SOF_2022231.csproj", "{6A3D152A-8F18-4942-99BC-5E1174615E66}"
EndProject
Global
	GlobalSection(SolutionConfigurationPlatforms) = preSolution
		Debug|Any CPU = Debug|Any CPU
		Release|Any CPU = Release|Any CPU
	EndGlobalSection
	GlobalSection(ProjectConfigurationPlatforms) = postSolution
		{6A3D152A-8F18-4942-99BC-5E1174615E66}.Debug|Any CPU.ActiveCfg = Debug|Any CPU
		{6A3D152A-8F18-4942-99BC-5E1174615E66}.Debug|Any CPU.Build.0 = Debug|Any CPU
		{6A3D152A-8F18-4942-99BC-5E1174615E66}.Release|Any CPU.ActiveCfg = Release|Any CPU
		{6A3D152A-8F18-4942-99BC-5E1174615E66}.Release|Any CPU.Build.0 = Release|Any CPU
	EndGlobalSection
	GlobalSection(SolutionProperties) = preSolution
		HideSolutionNode = FALSE
	EndGlobalSection
	GlobalSection(ExtensibilityGlobals) = postSolution
		SolutionGuid = {900E6141-9C9B-483A-98C1-0460DDBCCD80}
	EndGlobalSection
EndGlobal
